
Microsoft Visual Studio Solution File, Format Version 12.00
Project("{FAE04EC0-301F-11D3-BF4B-00C04F79EFBC}") = "DoctorAvailability.Business", "DoctorAvailability.Business\DoctorAvailability.Business.csproj", "{B5E003B7-0F44-4798-BFB4-B0CA8354D284}"
EndProject
Project("{FAE04EC0-301F-11D3-BF4B-00C04F79EFBC}") = "DoctorAvailability.Data", "DoctorAvailability.Data\DoctorAvailability.Data.csproj", "{C90A80A1-1041-4130-B73E-8F9308CC1AC4}"
EndProject
Project("{FAE04EC0-301F-11D3-BF4B-00C04F79EFBC}") = "DoctorAvailability.Shared", "DoctorAvailability.Shared\DoctorAvailability.Shared.csproj", "{D1496F7E-9A6D-4B8D-B223-E7D546931E58}"
EndProject
Project("{FAE04EC0-301F-11D3-BF4B-00C04F79EFBC}") = "AppointmentBooking.Application", "AppointmentBooking.Application\AppointmentBooking.Application.csproj", "{85AD8678-EF91-4CB0-8140-169F572BFE23}"
EndProject
Project("{2150E333-8FDC-42A3-9474-1A3956D46DE8}") = "AppointmentBooking", "AppointmentBooking", "{9A2E4422-BE3B-4A7F-900D-46C4FBF4EC60}"
EndProject
Project("{2150E333-8FDC-42A3-9474-1A3956D46DE8}") = "DoctorAvailability", "DoctorAvailability", "{037A7982-42C3-47A0-B5CE-F51C415F3882}"
EndProject
Project("{FAE04EC0-301F-11D3-BF4B-00C04F79EFBC}") = "AppointmentBooking.Infrastructure", "AppointmentBooking.Infrastructure\AppointmentBooking.Infrastructure.csproj", "{52B6B140-1373-4FAF-BD6D-4859B6ECE503}"
EndProject
Project("{FAE04EC0-301F-11D3-BF4B-00C04F79EFBC}") = "AppointmentBooking.Domain", "AppointmentBooking.Domain\AppointmentBooking.Domain.csproj", "{B5FED353-E75F-4EBD-B25A-7F450483DE30}"
EndProject
Project("{2150E333-8FDC-42A3-9474-1A3956D46DE8}") = "AppointmentConfirmation", "AppointmentConfirmation", "{E723582C-00F4-46B1-855E-1D1622C17433}"
EndProject
Project("{2150E333-8FDC-42A3-9474-1A3956D46DE8}") = "DoctorAppointmentManagement", "DoctorAppointmentManagement", "{3590E75B-79A7-4692-94D3-EE1E4DAB968E}"
EndProject
Project("{FAE04EC0-301F-11D3-BF4B-00C04F79EFBC}") = "DoctorAppointmentManagement.Core", "DoctorAppointmentManagement.Core\DoctorAppointmentManagement.Core.csproj", "{B50A9B22-ED88-4913-8776-45269AEF3BA0}"
EndProject
Project("{FAE04EC0-301F-11D3-BF4B-00C04F79EFBC}") = "AppointmentBooking.Shared", "AppointmentBooking.Shared\AppointmentBooking.Shared.csproj", "{C31C5875-B2B5-4B97-BB0E-E7F52EFBA4F8}"
EndProject
Project("{FAE04EC0-301F-11D3-BF4B-00C04F79EFBC}") = "App", "App\App.csproj", "{42EC0C3E-2BCD-46E5-ADC5-A565CC1F1AD1}"
EndProject
Project("{FAE04EC0-301F-11D3-BF4B-00C04F79EFBC}") = "AppointmentBooking.Presentation", "AppointmentBooking.Presentation\AppointmentBooking.Presentation.csproj", "{B9DC978C-62E1-4D6C-BFAD-5473607772F0}"
EndProject
Project("{FAE04EC0-301F-11D3-BF4B-00C04F79EFBC}") = "DoctorAppointmentManagement.Adapters", "DoctorAppointmentManagement.Adapters\DoctorAppointmentManagement.Adapters.csproj", "{5A9FD4B6-4B44-4BE9-9568-80E8438A47E9}"
EndProject
Project("{FAE04EC0-301F-11D3-BF4B-00C04F79EFBC}") = "DoctorAvailability.Presentation", "DoctorAvailability.Presentation\DoctorAvailability.Presentation.csproj", "{9FB2C228-7E33-4799-9296-D66FCA46C3CA}"
EndProject
Project("{2150E333-8FDC-42A3-9474-1A3956D46DE8}") = "Modules", "Modules", "{5D7A173C-5B90-414E-9402-614E3366E514}"
EndProject
Project("{FAE04EC0-301F-11D3-BF4B-00C04F79EFBC}") = "Shared", "Shared\Shared.csproj", "{F74B934D-3441-461D-A4AF-A75C4EF0AC96}"
EndProject
Project("{2150E333-8FDC-42A3-9474-1A3956D46DE8}") = "Src", "Src", "{BC7CD1BF-6AA7-4D73-9F23-32784A767788}"
EndProject
Project("{2150E333-8FDC-42A3-9474-1A3956D46DE8}") = "Test", "Test", "{9A47F084-B673-4A36-B4FC-839EAFF6027C}"
EndProject
Global
	GlobalSection(SolutionConfigurationPlatforms) = preSolution
		Debug|Any CPU = Debug|Any CPU
		Release|Any CPU = Release|Any CPU
	EndGlobalSection
	GlobalSection(ProjectConfigurationPlatforms) = postSolution
		{B5E003B7-0F44-4798-BFB4-B0CA8354D284}.Debug|Any CPU.ActiveCfg = Debug|Any CPU
		{B5E003B7-0F44-4798-BFB4-B0CA8354D284}.Debug|Any CPU.Build.0 = Debug|Any CPU
		{B5E003B7-0F44-4798-BFB4-B0CA8354D284}.Release|Any CPU.ActiveCfg = Release|Any CPU
		{B5E003B7-0F44-4798-BFB4-B0CA8354D284}.Release|Any CPU.Build.0 = Release|Any CPU
		{C90A80A1-1041-4130-B73E-8F9308CC1AC4}.Debug|Any CPU.ActiveCfg = Debug|Any CPU
		{C90A80A1-1041-4130-B73E-8F9308CC1AC4}.Debug|Any CPU.Build.0 = Debug|Any CPU
		{C90A80A1-1041-4130-B73E-8F9308CC1AC4}.Release|Any CPU.ActiveCfg = Release|Any CPU
		{C90A80A1-1041-4130-B73E-8F9308CC1AC4}.Release|Any CPU.Build.0 = Release|Any CPU
		{D1496F7E-9A6D-4B8D-B223-E7D546931E58}.Debug|Any CPU.ActiveCfg = Debug|Any CPU
		{D1496F7E-9A6D-4B8D-B223-E7D546931E58}.Debug|Any CPU.Build.0 = Debug|Any CPU
		{D1496F7E-9A6D-4B8D-B223-E7D546931E58}.Release|Any CPU.ActiveCfg = Release|Any CPU
		{D1496F7E-9A6D-4B8D-B223-E7D546931E58}.Release|Any CPU.Build.0 = Release|Any CPU
		{85AD8678-EF91-4CB0-8140-169F572BFE23}.Debug|Any CPU.ActiveCfg = Debug|Any CPU
		{85AD8678-EF91-4CB0-8140-169F572BFE23}.Debug|Any CPU.Build.0 = Debug|Any CPU
		{85AD8678-EF91-4CB0-8140-169F572BFE23}.Release|Any CPU.ActiveCfg = Release|Any CPU
		{85AD8678-EF91-4CB0-8140-169F572BFE23}.Release|Any CPU.Build.0 = Release|Any CPU
		{52B6B140-1373-4FAF-BD6D-4859B6ECE503}.Debug|Any CPU.ActiveCfg = Debug|Any CPU
		{52B6B140-1373-4FAF-BD6D-4859B6ECE503}.Debug|Any CPU.Build.0 = Debug|Any CPU
		{52B6B140-1373-4FAF-BD6D-4859B6ECE503}.Release|Any CPU.ActiveCfg = Release|Any CPU
		{52B6B140-1373-4FAF-BD6D-4859B6ECE503}.Release|Any CPU.Build.0 = Release|Any CPU
		{B5FED353-E75F-4EBD-B25A-7F450483DE30}.Debug|Any CPU.ActiveCfg = Debug|Any CPU
		{B5FED353-E75F-4EBD-B25A-7F450483DE30}.Debug|Any CPU.Build.0 = Debug|Any CPU
		{B5FED353-E75F-4EBD-B25A-7F450483DE30}.Release|Any CPU.ActiveCfg = Release|Any CPU
		{B5FED353-E75F-4EBD-B25A-7F450483DE30}.Release|Any CPU.Build.0 = Release|Any CPU
		{B50A9B22-ED88-4913-8776-45269AEF3BA0}.Debug|Any CPU.ActiveCfg = Debug|Any CPU
		{B50A9B22-ED88-4913-8776-45269AEF3BA0}.Debug|Any CPU.Build.0 = Debug|Any CPU
		{B50A9B22-ED88-4913-8776-45269AEF3BA0}.Release|Any CPU.ActiveCfg = Release|Any CPU
		{B50A9B22-ED88-4913-8776-45269AEF3BA0}.Release|Any CPU.Build.0 = Release|Any CPU
		{C31C5875-B2B5-4B97-BB0E-E7F52EFBA4F8}.Debug|Any CPU.ActiveCfg = Debug|Any CPU
		{C31C5875-B2B5-4B97-BB0E-E7F52EFBA4F8}.Debug|Any CPU.Build.0 = Debug|Any CPU
		{C31C5875-B2B5-4B97-BB0E-E7F52EFBA4F8}.Release|Any CPU.ActiveCfg = Release|Any CPU
		{C31C5875-B2B5-4B97-BB0E-E7F52EFBA4F8}.Release|Any CPU.Build.0 = Release|Any CPU
		{42EC0C3E-2BCD-46E5-ADC5-A565CC1F1AD1}.Debug|Any CPU.ActiveCfg = Debug|Any CPU
		{42EC0C3E-2BCD-46E5-ADC5-A565CC1F1AD1}.Debug|Any CPU.Build.0 = Debug|Any CPU
		{42EC0C3E-2BCD-46E5-ADC5-A565CC1F1AD1}.Release|Any CPU.ActiveCfg = Release|Any CPU
		{42EC0C3E-2BCD-46E5-ADC5-A565CC1F1AD1}.Release|Any CPU.Build.0 = Release|Any CPU
		{B9DC978C-62E1-4D6C-BFAD-5473607772F0}.Debug|Any CPU.ActiveCfg = Debug|Any CPU
		{B9DC978C-62E1-4D6C-BFAD-5473607772F0}.Debug|Any CPU.Build.0 = Debug|Any CPU
		{B9DC978C-62E1-4D6C-BFAD-5473607772F0}.Release|Any CPU.ActiveCfg = Release|Any CPU
		{B9DC978C-62E1-4D6C-BFAD-5473607772F0}.Release|Any CPU.Build.0 = Release|Any CPU
		{5A9FD4B6-4B44-4BE9-9568-80E8438A47E9}.Debug|Any CPU.ActiveCfg = Debug|Any CPU
		{5A9FD4B6-4B44-4BE9-9568-80E8438A47E9}.Debug|Any CPU.Build.0 = Debug|Any CPU
		{5A9FD4B6-4B44-4BE9-9568-80E8438A47E9}.Release|Any CPU.ActiveCfg = Release|Any CPU
		{5A9FD4B6-4B44-4BE9-9568-80E8438A47E9}.Release|Any CPU.Build.0 = Release|Any CPU
		{9FB2C228-7E33-4799-9296-D66FCA46C3CA}.Debug|Any CPU.ActiveCfg = Debug|Any CPU
		{9FB2C228-7E33-4799-9296-D66FCA46C3CA}.Debug|Any CPU.Build.0 = Debug|Any CPU
		{9FB2C228-7E33-4799-9296-D66FCA46C3CA}.Release|Any CPU.ActiveCfg = Release|Any CPU
		{9FB2C228-7E33-4799-9296-D66FCA46C3CA}.Release|Any CPU.Build.0 = Release|Any CPU
		{F74B934D-3441-461D-A4AF-A75C4EF0AC96}.Debug|Any CPU.ActiveCfg = Debug|Any CPU
		{F74B934D-3441-461D-A4AF-A75C4EF0AC96}.Debug|Any CPU.Build.0 = Debug|Any CPU
		{F74B934D-3441-461D-A4AF-A75C4EF0AC96}.Release|Any CPU.ActiveCfg = Release|Any CPU
		{F74B934D-3441-461D-A4AF-A75C4EF0AC96}.Release|Any CPU.Build.0 = Release|Any CPU
	EndGlobalSection
	GlobalSection(NestedProjects) = preSolution
		{85AD8678-EF91-4CB0-8140-169F572BFE23} = {9A2E4422-BE3B-4A7F-900D-46C4FBF4EC60}
		{B5E003B7-0F44-4798-BFB4-B0CA8354D284} = {037A7982-42C3-47A0-B5CE-F51C415F3882}
		{C90A80A1-1041-4130-B73E-8F9308CC1AC4} = {037A7982-42C3-47A0-B5CE-F51C415F3882}
		{D1496F7E-9A6D-4B8D-B223-E7D546931E58} = {037A7982-42C3-47A0-B5CE-F51C415F3882}
		{52B6B140-1373-4FAF-BD6D-4859B6ECE503} = {9A2E4422-BE3B-4A7F-900D-46C4FBF4EC60}
		{B5FED353-E75F-4EBD-B25A-7F450483DE30} = {9A2E4422-BE3B-4A7F-900D-46C4FBF4EC60}
		{B50A9B22-ED88-4913-8776-45269AEF3BA0} = {3590E75B-79A7-4692-94D3-EE1E4DAB968E}
		{C31C5875-B2B5-4B97-BB0E-E7F52EFBA4F8} = {9A2E4422-BE3B-4A7F-900D-46C4FBF4EC60}
		{B9DC978C-62E1-4D6C-BFAD-5473607772F0} = {9A2E4422-BE3B-4A7F-900D-46C4FBF4EC60}
		{5A9FD4B6-4B44-4BE9-9568-80E8438A47E9} = {3590E75B-79A7-4692-94D3-EE1E4DAB968E}
		{9FB2C228-7E33-4799-9296-D66FCA46C3CA} = {037A7982-42C3-47A0-B5CE-F51C415F3882}
		{9A2E4422-BE3B-4A7F-900D-46C4FBF4EC60} = {5D7A173C-5B90-414E-9402-614E3366E514}
		{037A7982-42C3-47A0-B5CE-F51C415F3882} = {5D7A173C-5B90-414E-9402-614E3366E514}
		{3590E75B-79A7-4692-94D3-EE1E4DAB968E} = {5D7A173C-5B90-414E-9402-614E3366E514}
		{E723582C-00F4-46B1-855E-1D1622C17433} = {5D7A173C-5B90-414E-9402-614E3366E514}
		{5D7A173C-5B90-414E-9402-614E3366E514} = {BC7CD1BF-6AA7-4D73-9F23-32784A767788}
		{42EC0C3E-2BCD-46E5-ADC5-A565CC1F1AD1} = {BC7CD1BF-6AA7-4D73-9F23-32784A767788}
		{F74B934D-3441-461D-A4AF-A75C4EF0AC96} = {BC7CD1BF-6AA7-4D73-9F23-32784A767788}
	EndGlobalSection
EndGlobal
